
Microsoft Visual Studio Solution File, Format Version 12.00
# Visual Studio 15
VisualStudioVersion = 15.0.28307.168
MinimumVisualStudioVersion = 10.0.40219.1
Project("{FAE04EC0-301F-11D3-BF4B-00C04F79EFBC}") = "mmOrderMarking_2015", "mmOrderMarking_2015\mmOrderMarking_2015.csproj", "{7EE052DD-4D55-4E55-A98A-FB366E671FE6}"
EndProject
Project("{FAE04EC0-301F-11D3-BF4B-00C04F79EFBC}") = "mmOrderMarking_2016", "mmOrderMarking_2016\mmOrderMarking_2016.csproj", "{3179718B-7837-4C4C-9D5B-F698BFDBBC6F}"
EndProject
Project("{FAE04EC0-301F-11D3-BF4B-00C04F79EFBC}") = "mmOrderMarking_2017", "mmOrderMarking_2017\mmOrderMarking_2017.csproj", "{7AAC2B1C-E67F-4EE3-8357-A4DA3F3E8799}"
EndProject
Project("{FAE04EC0-301F-11D3-BF4B-00C04F79EFBC}") = "mmOrderMarking_2018", "mmOrderMarking_2018\mmOrderMarking_2018.csproj", "{23A35527-5458-4194-B271-6D099867DF3E}"
EndProject
Project("{FAE04EC0-301F-11D3-BF4B-00C04F79EFBC}") = "mmOrderMarking_2019", "mmOrderMarking_2019\mmOrderMarking_2019.csproj", "{1740B4BC-429C-4A45-B2C0-C1B65EAAF152}"
EndProject
Project("{FAE04EC0-301F-11D3-BF4B-00C04F79EFBC}") = "mmOrderMarking_2020", "mmOrderMarking_2020\mmOrderMarking_2020.csproj", "{B57C7FA1-5066-49DD-83D7-AEDE5DE0894E}"
EndProject
Global
	GlobalSection(SolutionConfigurationPlatforms) = preSolution
		Debug|Any CPU = Debug|Any CPU
		Release|Any CPU = Release|Any CPU
	EndGlobalSection
	GlobalSection(ProjectConfigurationPlatforms) = postSolution
		{7EE052DD-4D55-4E55-A98A-FB366E671FE6}.Debug|Any CPU.ActiveCfg = Debug|Any CPU
		{7EE052DD-4D55-4E55-A98A-FB366E671FE6}.Debug|Any CPU.Build.0 = Debug|Any CPU
		{7EE052DD-4D55-4E55-A98A-FB366E671FE6}.Release|Any CPU.ActiveCfg = Release|Any CPU
		{7EE052DD-4D55-4E55-A98A-FB366E671FE6}.Release|Any CPU.Build.0 = Release|Any CPU
		{3179718B-7837-4C4C-9D5B-F698BFDBBC6F}.Debug|Any CPU.ActiveCfg = Debug|Any CPU
		{3179718B-7837-4C4C-9D5B-F698BFDBBC6F}.Debug|Any CPU.Build.0 = Debug|Any CPU
		{3179718B-7837-4C4C-9D5B-F698BFDBBC6F}.Release|Any CPU.ActiveCfg = Release|Any CPU
		{3179718B-7837-4C4C-9D5B-F698BFDBBC6F}.Release|Any CPU.Build.0 = Release|Any CPU
		{7AAC2B1C-E67F-4EE3-8357-A4DA3F3E8799}.Debug|Any CPU.ActiveCfg = Debug|Any CPU
		{7AAC2B1C-E67F-4EE3-8357-A4DA3F3E8799}.Debug|Any CPU.Build.0 = Debug|Any CPU
		{7AAC2B1C-E67F-4EE3-8357-A4DA3F3E8799}.Release|Any CPU.ActiveCfg = Release|Any CPU
		{7AAC2B1C-E67F-4EE3-8357-A4DA3F3E8799}.Release|Any CPU.Build.0 = Release|Any CPU
		{23A35527-5458-4194-B271-6D099867DF3E}.Debug|Any CPU.ActiveCfg = Debug|Any CPU
		{23A35527-5458-4194-B271-6D099867DF3E}.Debug|Any CPU.Build.0 = Debug|Any CPU
		{23A35527-5458-4194-B271-6D099867DF3E}.Release|Any CPU.ActiveCfg = Release|Any CPU
		{23A35527-5458-4194-B271-6D099867DF3E}.Release|Any CPU.Build.0 = Release|Any CPU
		{1740B4BC-429C-4A45-B2C0-C1B65EAAF152}.Debug|Any CPU.ActiveCfg = Debug|Any CPU
		{1740B4BC-429C-4A45-B2C0-C1B65EAAF152}.Debug|Any CPU.Build.0 = Debug|Any CPU
		{1740B4BC-429C-4A45-B2C0-C1B65EAAF152}.Release|Any CPU.ActiveCfg = Release|Any CPU
		{1740B4BC-429C-4A45-B2C0-C1B65EAAF152}.Release|Any CPU.Build.0 = Release|Any CPU
		{B57C7FA1-5066-49DD-83D7-AEDE5DE0894E}.Debug|Any CPU.ActiveCfg = Debug|Any CPU
		{B57C7FA1-5066-49DD-83D7-AEDE5DE0894E}.Debug|Any CPU.Build.0 = Debug|Any CPU
		{B57C7FA1-5066-49DD-83D7-AEDE5DE0894E}.Release|Any CPU.ActiveCfg = Release|Any CPU
		{B57C7FA1-5066-49DD-83D7-AEDE5DE0894E}.Release|Any CPU.Build.0 = Release|Any CPU
	EndGlobalSection
	GlobalSection(SolutionProperties) = preSolution
		HideSolutionNode = FALSE
	EndGlobalSection
	GlobalSection(ExtensibilityGlobals) = postSolution
		SolutionGuid = {6B90A918-7EFF-46F7-A6AA-73A604D53F02}
	EndGlobalSection
EndGlobal
